{
  "version": "3",
  "packages": {
    "specifiers": {
      "npm:microformats-parser": "npm:microformats-parser@2.0.2",
      "npm:nanoid-good": "npm:nanoid-good@3.1.0"
    },
    "npm": {
      "entities@4.5.0": {
        "integrity": "sha512-V0hjH4dGPh9Ao5p0MoRY6BVqtwCjhz6vI5LT8AJ55H+4g9/4vbHx1I54fS0XuclLhDHArPQCiMjDxjaL8fPxhw==",
        "dependencies": {}
      },
      "microformats-parser@2.0.2": {
        "integrity": "sha512-tUf9DmN4Jq/tGyp1YH2V6D/Cud+9Uc0WhjjUFirqVeHTRkkfLDacv6BQFT7h7HFsD0Z8wja5eKkRgzZU8bv0Fw==",
        "dependencies": {
          "parse5": "parse5@7.1.2"
        }
      },
      "nanoid-good@3.1.0": {
        "integrity": "sha512-gG9D+AVHAZ+t2mAk3sw+Bx08VzOBc8fc+JylIzCLbEoRYakvQK9RiI3U+bXjdlMc5Ec4W9zUQsZZKngjifv7Vw==",
        "dependencies": {
          "nanoid": "nanoid@3.3.7",
          "naughty-words": "naughty-words@1.2.0"
        }
      },
      "nanoid@3.3.7": {
        "integrity": "sha512-eSRppjcPIatRIMC1U6UngP8XFcz8MQWGQdt1MTBQ7NaAmvXDfvNxbvWV3x2y6CdEUciCSsDHDQZbhYaB8QEo2g==",
        "dependencies": {}
      },
      "naughty-words@1.2.0": {
        "integrity": "sha512-0iadX6fN+3NsfvIRtWmmpEX9VsoIQ6n9FwyIxmew9w5yzFNqMgs/Ky0eAC/z5xXSHtqlVoByiovdROikwH9SXQ==",
        "dependencies": {}
      },
      "parse5@7.1.2": {
        "integrity": "sha512-Czj1WaSVpaoj0wbhMzLmWD69anp2WH7FXMB9n1Sy8/ZFF9jolSQVMu1Ij5WIyGmcBmhk7EOndpO4mIpihVqAXw==",
        "dependencies": {
          "entities": "entities@4.5.0"
        }
      }
    }
  },
  "redirects": {
    "http://esm.sh/gh/tunnckoCore/deno-httpcache-kv/mod.ts": "https://esm.sh/gh/tunnckoCore/deno-httpcache-kv@b421412079/mod.ts",
    "https://esm.sh/http-cache-semantics": "https://esm.sh/http-cache-semantics@4.1.1"
  },
  "remote": {
    "https://deno.land/std@0.177.1/_util/asserts.ts": "178dfc49a464aee693a7e285567b3d0b555dc805ff490505a8aae34f9cfb1462",
    "https://deno.land/std@0.177.1/_util/os.ts": "d932f56d41e4f6a6093d56044e29ce637f8dcc43c5a90af43504a889cf1775e3",
    "https://deno.land/std@0.177.1/async/abortable.ts": "73acfb3ed7261ce0d930dbe89e43db8d34e017b063cf0eaa7d215477bf53442e",
    "https://deno.land/std@0.177.1/async/deadline.ts": "c5facb0b404eede83e38bd2717ea8ab34faa2ffb20ef87fd261fcba32ba307aa",
    "https://deno.land/std@0.177.1/async/debounce.ts": "adab11d04ca38d699444ac8a9d9856b4155e8dda2afd07ce78276c01ea5a4332",
    "https://deno.land/std@0.177.1/async/deferred.ts": "42790112f36a75a57db4a96d33974a936deb7b04d25c6084a9fa8a49f135def8",
    "https://deno.land/std@0.177.1/async/delay.ts": "73aa04cec034c84fc748c7be49bb15cac3dd43a57174bfdb7a4aec22c248f0dd",
    "https://deno.land/std@0.177.1/async/mod.ts": "f04344fa21738e5ad6bea37a6bfffd57c617c2d372bb9f9dcfd118a1b622e576",
    "https://deno.land/std@0.177.1/async/mux_async_iterator.ts": "70c7f2ee4e9466161350473ad61cac0b9f115cff4c552eaa7ef9d50c4cbb4cc9",
    "https://deno.land/std@0.177.1/async/pool.ts": "fd082bd4aaf26445909889435a5c74334c017847842ec035739b4ae637ae8260",
    "https://deno.land/std@0.177.1/async/retry.ts": "5efa3ba450ac0c07a40a82e2df296287b5013755d232049efd7ea2244f15b20f",
    "https://deno.land/std@0.177.1/async/tee.ts": "47e42d35f622650b02234d43803d0383a89eb4387e1b83b5a40106d18ae36757",
    "https://deno.land/std@0.177.1/bytes/index_of_needle.ts": "65c939607df609374c4415598fa4dad04a2f14c4d98cd15775216f0aaf597f24",
    "https://deno.land/std@0.177.1/crypto/timing_safe_equal.ts": "8d69ab611c67fe51b6127d97fcfb4d8e7d0e1b6b4f3e0cc4ab86744c3691f965",
    "https://deno.land/std@0.177.1/encoding/base64.ts": "7de04c2f8aeeb41453b09b186480be90f2ff357613b988e99fabb91d2eeceba1",
    "https://deno.land/std@0.177.1/encoding/base64url.ts": "3f1178f6446834457b16bfde8b559c1cd3481727fe384d3385e4a9995dc2d851",
    "https://deno.land/std@0.177.1/flags/mod.ts": "d1cdefa18472ef69858a17df5cf7c98445ed27ac10e1460183081303b0ebc270",
    "https://deno.land/std@0.177.1/fmt/colors.ts": "938c5d44d889fb82eff6c358bea8baa7e85950a16c9f6dae3ec3a7a729164471",
    "https://deno.land/std@0.177.1/fmt/printf.ts": "e5b426cd6ad13df5d408e9c375c025d59de30e380c5534715bd892df874ab057",
    "https://deno.land/std@0.177.1/fs/eol.ts": "f1f2eb348a750c34500741987b21d65607f352cf7205f48f4319d417fff42842",
    "https://deno.land/std@0.177.1/fs/exists.ts": "b8c8a457b71e9d7f29b9d2f87aad8dba2739cbe637e8926d6ba6e92567875f8e",
    "https://deno.land/std@0.177.1/node/_core.ts": "9a58c0ef98ee77e9b8fcc405511d1b37a003a705eb6a9b6e95f75434d8009adc",
    "https://deno.land/std@0.177.1/node/_events.mjs": "d4ba4e629abe3db9f1b14659fd5c282b7da8b2b95eaf13238eee4ebb142a2448",
    "https://deno.land/std@0.177.1/node/_fs/_fs_access.ts": "48a722db00fd34ec567c1d03c47f6b94d07658c658eeb7d9a10c6b823ebdefbd",
    "https://deno.land/std@0.177.1/node/_fs/_fs_appendFile.ts": "2e5230c88804f4b5bee29efa1ba723d71a53f9b0f85d5e6372509ba12e9c00c3",
    "https://deno.land/std@0.177.1/node/_fs/_fs_chmod.ts": "fcba6aa4fe2d9178746b5b4ae7f42a72a971007c855988f0e26ff8f694c3c212",
    "https://deno.land/std@0.177.1/node/_fs/_fs_chown.ts": "6a24414772d689f8e83b6f53f134420dc25d752bd5be56cade39e92f182c9c9a",
    "https://deno.land/std@0.177.1/node/_fs/_fs_close.ts": "8fc5819affb69fb5708f3babce49cd673133e939cebef0665099da78a0d0be7a",
    "https://deno.land/std@0.177.1/node/_fs/_fs_common.ts": "21caae4ab7c07c66244446c63c50291cc553d1224d3f6a0cd7bea688c6b2a815",
    "https://deno.land/std@0.177.1/node/_fs/_fs_constants.ts": "22ce5f8b07fa8fd7ba37718ad85f6655954b7585d21e6d0b9d73676c16ef1b15",
    "https://deno.land/std@0.177.1/node/_fs/_fs_copy.ts": "9074e3a1609b9ee10ca1a2d77e94836c57190e791a0878f7e03b2f0e4e0d5dfb",
    "https://deno.land/std@0.177.1/node/_fs/_fs_dir.ts": "26c16ef8003772c9cd2439b448530443ea09a1508a6d808a5913576c3d11882b",
    "https://deno.land/std@0.177.1/node/_fs/_fs_dirent.ts": "e8c30d8059336cb6b122738c487cb46c1bcfc4c99fd6d64186f04b4e1805be34",
    "https://deno.land/std@0.177.1/node/_fs/_fs_exists.ts": "012e8bf6a6a9b53f9e6451db6ddabf1b883a25e6aebb8aadf8958b57efffefd0",
    "https://deno.land/std@0.177.1/node/_fs/_fs_fdatasync.ts": "cfe9409aed4bfe707fb497fe5be449a678b4ae454c9068f3720138ff06f7a71f",
    "https://deno.land/std@0.177.1/node/_fs/_fs_fstat.ts": "b15968d0f0da997960f0814e52beee35aff5e04519f007c3ac1c431829a03ac4",
    "https://deno.land/std@0.177.1/node/_fs/_fs_fsync.ts": "902c1d4ef9b022c61a12c5f85db3ec4e14778019697cf453822313f9eab9516b",
    "https://deno.land/std@0.177.1/node/_fs/_fs_ftruncate.ts": "36d76a3d6b325345ba6fbef745ec1a39d6efb4472214ede8421449296fd25711",
    "https://deno.land/std@0.177.1/node/_fs/_fs_futimes.ts": "75b9aaa28588d94b9d8be3c5ca4b74595cde342d644afc9c5dda1e1dcc1e604f",
    "https://deno.land/std@0.177.1/node/_fs/_fs_link.ts": "5cfa4f02cbedf913d90618c1bf130796bc3cdd7cd0e59cf5defb05619ae10b8a",
    "https://deno.land/std@0.177.1/node/_fs/_fs_lstat.ts": "da6a26b4745dbb92eda21f07992d16497a6848fe2ded6a425ade4a2418262b57",
    "https://deno.land/std@0.177.1/node/_fs/_fs_mkdir.ts": "94e4341f9bbc3bae9f1474e86621d48101a4a863ce51fd6b1170ef244533c494",
    "https://deno.land/std@0.177.1/node/_fs/_fs_mkdtemp.ts": "33658ccb449f90d69305868b718f8fe8d72a2a8e2be7136ebd69ba313fd0b4a9",
    "https://deno.land/std@0.177.1/node/_fs/_fs_open.ts": "9f728953c07748a54a73bb9ff0013530e33556a688a359a554d5db5b4ed30d06",
    "https://deno.land/std@0.177.1/node/_fs/_fs_opendir.ts": "fe65a45b92b6b970da8f3acec15920cb5669c7a19fd07afa8ebcd248ec69740b",
    "https://deno.land/std@0.177.1/node/_fs/_fs_read.ts": "a0223081bc460a8af5d1bb01e59a44182629bf7bff7c583031912abf20ac6b04",
    "https://deno.land/std@0.177.1/node/_fs/_fs_readFile.ts": "2c155de6b568a4e5d3d089e58723355fc519de2d2c9422f7dd211cda2c8f36dc",
    "https://deno.land/std@0.177.1/node/_fs/_fs_readdir.ts": "85f742c2ad38bebb8ba5dee72b37a966fc4b42b10382a76a60d7a2dda0a6278c",
    "https://deno.land/std@0.177.1/node/_fs/_fs_readlink.ts": "d5d9746c1d3c76cce0be5045dbb3bfde100406a98f1d4db8243776a2fc5619af",
    "https://deno.land/std@0.177.1/node/_fs/_fs_realpath.ts": "671afd8bc1b33126d56155de3827d6ec55361631eec9f4944d7f91835d897329",
    "https://deno.land/std@0.177.1/node/_fs/_fs_rename.ts": "2fd973c38ab5c66d806a954914a2d2b6beec55308b6da0616837ba81946bba3b",
    "https://deno.land/std@0.177.1/node/_fs/_fs_rm.ts": "27c01d261a3631729f9406d9dc7be263a7adf240094ba9133da511169785023b",
    "https://deno.land/std@0.177.1/node/_fs/_fs_rmdir.ts": "d9a35aa265670aba4a6da10cb151139bd69762ccfb88e27f266c1260c244d3ec",
    "https://deno.land/std@0.177.1/node/_fs/_fs_stat.ts": "bf1ca585b624f5b183ff547f02ad40b51d47247a7fd5df84f8c27376e7a7c2d5",
    "https://deno.land/std@0.177.1/node/_fs/_fs_symlink.ts": "89752d75dd823be7ea2c0f2ca024b14c954f7d1507360abf883245f4b700464b",
    "https://deno.land/std@0.177.1/node/_fs/_fs_truncate.ts": "4333d191574be1d6ab20fdee346c0dd4868e5c9c5e8ee716e3b09bf562aee698",
    "https://deno.land/std@0.177.1/node/_fs/_fs_unlink.ts": "6a760088a99c7465d9da3cbd67a456a6207c9764c65926ce1e0d3172aab780a2",
    "https://deno.land/std@0.177.1/node/_fs/_fs_utimes.ts": "c433ef58bfd20d84d0f940c17575b496dcd4706e8dc86aea777c73f667164444",
    "https://deno.land/std@0.177.1/node/_fs/_fs_watch.ts": "2ed05b68759e1771515efa4c6d19db9c956cfbc79a715d61e4ce8f38ac12c966",
    "https://deno.land/std@0.177.1/node/_fs/_fs_write.mjs": "595abc0d7be9ef3709b62bf09972c2836b25c945f4c531a6688b910e428e1b42",
    "https://deno.land/std@0.177.1/node/_fs/_fs_writeFile.ts": "c65f61a167e5f80f29a88147012ade2a81233c882e51c6a07f45a153f2316a58",
    "https://deno.land/std@0.177.1/node/_fs/_fs_writev.mjs": "54adae0d5e5148d2ee0690d04f7272dbccd1242ffbdf838778ac514c10197844",
    "https://deno.land/std@0.177.1/node/_next_tick.ts": "9a3cf107d59b019a355d3cf32275b4c6157282e4b68ea85b46a799cb1d379305",
    "https://deno.land/std@0.177.1/node/_process/exiting.ts": "6e336180aaabd1192bf99ffeb0d14b689116a3dec1dfb34a2afbacd6766e98ab",
    "https://deno.land/std@0.177.1/node/_process/process.ts": "c96bb1f6253824c372f4866ee006dcefda02b7050d46759736e403f862d91051",
    "https://deno.land/std@0.177.1/node/_process/stdio.mjs": "cf17727eac8da3a665851df700b5aca6a12bacc3ebbf33e63e4b919f80ba44a6",
    "https://deno.land/std@0.177.1/node/_process/streams.mjs": "408777fba99580567f3ee82ee584ca79012cc550f8dacb8c5ec633b58cd0c1ca",
    "https://deno.land/std@0.177.1/node/_stream.mjs": "d6e2c86c1158ac65b4c2ca4fa019d7e84374ff12e21e2175345fe68c0823efe3",
    "https://deno.land/std@0.177.1/node/_util/_util_callbackify.ts": "a7ffe799ac5f54f3a780ee1c9b190b94dc7dc8afbb430c0e1c73756638d25d64",
    "https://deno.land/std@0.177.1/node/_utils.ts": "7fd55872a0cf9275e3c080a60e2fa6d45b8de9e956ebcde9053e72a344185884",
    "https://deno.land/std@0.177.1/node/assert.ts": "52a682477f2b849b3e451a140d665faa2c26a9ac8f615191fe3d9ec18f55b0c8",
    "https://deno.land/std@0.177.1/node/assertion_error.ts": "8d208eab48e50ed56fe0f82f755a0d471dc7cd0acd3947b51aa9764de7d30b86",
    "https://deno.land/std@0.177.1/node/buffer.ts": "85617be2063eccaf177dbb84c7580d1e32023724ed14bd9df4e453b152a26167",
    "https://deno.land/std@0.177.1/node/events.ts": "d2de352d509de11a375e2cb397d6b98f5fed4e562fc1d41be33214903a38e6b0",
    "https://deno.land/std@0.177.1/node/fs.ts": "de13cb511655b594157b327cd11bb833cc96051409f34148f043e8a8a92d66a1",
    "https://deno.land/std@0.177.1/node/internal/assert.mjs": "1d50c20eeaf16a6d9c1d90347e497669cebc915f5ee238417a73847eb4c2f0de",
    "https://deno.land/std@0.177.1/node/internal/buffer.mjs": "e92303a3cc6d9aaabcd270a937ad9319825d9ba08cb332650944df4562029b27",
    "https://deno.land/std@0.177.1/node/internal/crypto/_keys.ts": "8f3c3b5a141aa0331a53c205e9338655f1b3b307a08085fd6ff6dda6f7c4190b",
    "https://deno.land/std@0.177.1/node/internal/crypto/constants.ts": "544d605703053218499b08214f2e25cf4310651d535b7ab995891c4b7a217693",
    "https://deno.land/std@0.177.1/node/internal/error_codes.ts": "8495e33f448a484518d76fa3d41d34fc20fe03c14b30130ad8e936b0035d4b8b",
    "https://deno.land/std@0.177.1/node/internal/errors.ts": "1c699b8a3cb93174f697a348c004b1c6d576b66688eac8a48ebb78e65c720aae",
    "https://deno.land/std@0.177.1/node/internal/fixed_queue.ts": "62bb119afa5b5ae8fc0c7048b50502347bec82e2588017d0b250c4671d6eff8f",
    "https://deno.land/std@0.177.1/node/internal/fs/streams.mjs": "5de00d105009fb8cec6b6d0a6e6e6288ae40879cc64d9bf7a84852220be9fa34",
    "https://deno.land/std@0.177.1/node/internal/fs/utils.mjs": "64b6dc17752fa861b46a0876647336ba24efe3b5130bd1826f1f2d59b9b374ed",
    "https://deno.land/std@0.177.1/node/internal/hide_stack_frames.ts": "9dd1bad0a6e62a1042ce3a51eb1b1ecee2f246907bff44835f86e8f021de679a",
    "https://deno.land/std@0.177.1/node/internal/idna.ts": "034043ac9273eb5ba83112c926dba1777775f1eca40e021c8703cd1720bedd9f",
    "https://deno.land/std@0.177.1/node/internal/net.ts": "5538d31b595ac63d4b3e90393168bc65ace2f332c3317cffa2fd780070b2d86c",
    "https://deno.land/std@0.177.1/node/internal/normalize_encoding.mjs": "fd1d9df61c44d7196432f6e8244621468715131d18cc79cd299fc78ac549f707",
    "https://deno.land/std@0.177.1/node/internal/options.ts": "888f267c3fe8f18dc7b2f2fbdbe7e4a0fd3302ff3e99f5d6645601e924f3e3fb",
    "https://deno.land/std@0.177.1/node/internal/primordials.mjs": "a72d86b5aa55d3d50b8e916b6a59b7cc0dc5a31da8937114b4a113ad5aa08c74",
    "https://deno.land/std@0.177.1/node/internal/process/per_thread.mjs": "10142bbb13978c2f8f79778ad90f3a67a8ea6d8d2970f3dfc6bf2c6fff0162a2",
    "https://deno.land/std@0.177.1/node/internal/querystring.ts": "479f30c136555dc3b6f09af7d0de8a70c753035c1d5b57acc696722028788323",
    "https://deno.land/std@0.177.1/node/internal/readline/callbacks.mjs": "bdb129b140c3b21b5e08cdc3d8e43517ad818ac03f75197338d665cca1cbaed3",
    "https://deno.land/std@0.177.1/node/internal/readline/utils.mjs": "c3dbf3a97c01ed14052cca3848f09e2fc24818c1822ceed57c33b9f0840f3b87",
    "https://deno.land/std@0.177.1/node/internal/streams/destroy.mjs": "b665fc71178919a34ddeac8389d162a81b4bc693ff7dc2557fa41b3a91011967",
    "https://deno.land/std@0.177.1/node/internal/streams/end-of-stream.mjs": "a4fb1c2e32d58dff440d4e716e2c4daaa403b3095304a028bb428575cfeed716",
    "https://deno.land/std@0.177.1/node/internal/streams/utils.mjs": "f2fe2e6bdc506da24c758970890cc2a21642045b129dee618bd3827c60dd9e33",
    "https://deno.land/std@0.177.1/node/internal/url.ts": "7e62e16520de552c130c354d9c725a2f5e2af453ff929a2009fa66ae445bbe14",
    "https://deno.land/std@0.177.1/node/internal/util.mjs": "f7fe2e1ca5e66f550ad0856b9f5ee4d666f0c071fe212ea7fc7f37cfa81f97a5",
    "https://deno.land/std@0.177.1/node/internal/util/comparisons.ts": "9a7d95401b3d1c99ec5b12250cf6dec75efc75764b4a18be257dd8bfbe67496e",
    "https://deno.land/std@0.177.1/node/internal/util/debuglog.ts": "a2392980a65cc6916afc17fa6686242ee0e3b47bd98c792ff59358560b24185e",
    "https://deno.land/std@0.177.1/node/internal/util/inspect.mjs": "11d7c9cab514b8e485acc3978c74b837263ff9c08ae4537fa18ad56bae633259",
    "https://deno.land/std@0.177.1/node/internal/util/types.ts": "0e587b44ec5e017cf228589fc5ce9983b75beece6c39409c34170cfad49d6417",
    "https://deno.land/std@0.177.1/node/internal/validators.mjs": "e02f2b02dd072a5d623970292588d541204dc82207b4c58985d933a5f4b382e6",
    "https://deno.land/std@0.177.1/node/internal_binding/_libuv_winerror.ts": "30c9569603d4b97a1f1a034d88a3f74800d5ea1f12fcc3d225c9899d4e1a518b",
    "https://deno.land/std@0.177.1/node/internal_binding/_listen.ts": "c6038be47116f7755c01fd98340a0d1e8e66ef874710ab59ed3f5607d50d7a25",
    "https://deno.land/std@0.177.1/node/internal_binding/_node.ts": "cb2389b0eab121df99853eb6a5e3a684e4537e065fb8bf2cca0cbf219ce4e32e",
    "https://deno.land/std@0.177.1/node/internal_binding/_timingSafeEqual.ts": "7d9732464d3c669ff07713868ce5d25bc974a06112edbfb5f017fc3c70c0853e",
    "https://deno.land/std@0.177.1/node/internal_binding/_utils.ts": "7c58a2fbb031a204dee9583ba211cf9c67922112fe77e7f0b3226112469e9fe1",
    "https://deno.land/std@0.177.1/node/internal_binding/_winerror.ts": "3e8cfdfe22e89f13d2b28529bab35155e6b1730c0221ec5a6fc7077dc037be13",
    "https://deno.land/std@0.177.1/node/internal_binding/ares.ts": "bdd34c679265a6c115a8cfdde000656837a0a0dcdb0e4c258e622e136e9c31b8",
    "https://deno.land/std@0.177.1/node/internal_binding/async_wrap.ts": "0dc5ae64eea2c9e57ab17887ef1573922245167ffe38e3685c28d636f487f1b7",
    "https://deno.land/std@0.177.1/node/internal_binding/buffer.ts": "31729e0537921d6c730ad0afea44a7e8a0a1044d070ade8368226cb6f7390c8b",
    "https://deno.land/std@0.177.1/node/internal_binding/cares_wrap.ts": "9b7247772167f8ed56acd0244a232d9d50e8d7c9cfc379f77f3d54cecc2f32ab",
    "https://deno.land/std@0.177.1/node/internal_binding/config.ts": "37d293009d1718205bf28e878e54a9f1ca24c1c320cee2416c20dc054104c6ea",
    "https://deno.land/std@0.177.1/node/internal_binding/connection_wrap.ts": "7dd089ea46de38e4992d0f43a09b586e4cf04878fb06863c1cb8cb2ece7da521",
    "https://deno.land/std@0.177.1/node/internal_binding/constants.ts": "21ff9d1ee71d0a2086541083a7711842fc6ae25e264dbf45c73815aadce06f4c",
    "https://deno.land/std@0.177.1/node/internal_binding/contextify.ts": "37d293009d1718205bf28e878e54a9f1ca24c1c320cee2416c20dc054104c6ea",
    "https://deno.land/std@0.177.1/node/internal_binding/credentials.ts": "37d293009d1718205bf28e878e54a9f1ca24c1c320cee2416c20dc054104c6ea",
    "https://deno.land/std@0.177.1/node/internal_binding/crypto.ts": "29e8f94f283a2e7d4229d3551369c6a40c2af9737fad948cb9be56bef6c468cd",
    "https://deno.land/std@0.177.1/node/internal_binding/errors.ts": "37d293009d1718205bf28e878e54a9f1ca24c1c320cee2416c20dc054104c6ea",
    "https://deno.land/std@0.177.1/node/internal_binding/fs.ts": "37d293009d1718205bf28e878e54a9f1ca24c1c320cee2416c20dc054104c6ea",
    "https://deno.land/std@0.177.1/node/internal_binding/fs_dir.ts": "37d293009d1718205bf28e878e54a9f1ca24c1c320cee2416c20dc054104c6ea",
    "https://deno.land/std@0.177.1/node/internal_binding/fs_event_wrap.ts": "37d293009d1718205bf28e878e54a9f1ca24c1c320cee2416c20dc054104c6ea",
    "https://deno.land/std@0.177.1/node/internal_binding/handle_wrap.ts": "adf0b8063da2c54f26edd5e8ec50296a4d38e42716a70a229f14654b17a071d9",
    "https://deno.land/std@0.177.1/node/internal_binding/heap_utils.ts": "37d293009d1718205bf28e878e54a9f1ca24c1c320cee2416c20dc054104c6ea",
    "https://deno.land/std@0.177.1/node/internal_binding/http_parser.ts": "37d293009d1718205bf28e878e54a9f1ca24c1c320cee2416c20dc054104c6ea",
    "https://deno.land/std@0.177.1/node/internal_binding/icu.ts": "37d293009d1718205bf28e878e54a9f1ca24c1c320cee2416c20dc054104c6ea",
    "https://deno.land/std@0.177.1/node/internal_binding/inspector.ts": "37d293009d1718205bf28e878e54a9f1ca24c1c320cee2416c20dc054104c6ea",
    "https://deno.land/std@0.177.1/node/internal_binding/js_stream.ts": "37d293009d1718205bf28e878e54a9f1ca24c1c320cee2416c20dc054104c6ea",
    "https://deno.land/std@0.177.1/node/internal_binding/messaging.ts": "37d293009d1718205bf28e878e54a9f1ca24c1c320cee2416c20dc054104c6ea",
    "https://deno.land/std@0.177.1/node/internal_binding/mod.ts": "9fc65f7af1d35e2d3557539a558ea9ad7a9954eefafe614ad82d94bddfe25845",
    "https://deno.land/std@0.177.1/node/internal_binding/module_wrap.ts": "37d293009d1718205bf28e878e54a9f1ca24c1c320cee2416c20dc054104c6ea",
    "https://deno.land/std@0.177.1/node/internal_binding/native_module.ts": "37d293009d1718205bf28e878e54a9f1ca24c1c320cee2416c20dc054104c6ea",
    "https://deno.land/std@0.177.1/node/internal_binding/natives.ts": "37d293009d1718205bf28e878e54a9f1ca24c1c320cee2416c20dc054104c6ea",
    "https://deno.land/std@0.177.1/node/internal_binding/node_file.ts": "21edbbc95653e45514aff252b6cae7bf127a4338cbc5f090557d258aa205d8a5",
    "https://deno.land/std@0.177.1/node/internal_binding/node_options.ts": "0b5cb0bf4379a39278d7b7bb6bb2c2751baf428fe437abe5ed3e8441fae1f18b",
    "https://deno.land/std@0.177.1/node/internal_binding/options.ts": "37d293009d1718205bf28e878e54a9f1ca24c1c320cee2416c20dc054104c6ea",
    "https://deno.land/std@0.177.1/node/internal_binding/os.ts": "37d293009d1718205bf28e878e54a9f1ca24c1c320cee2416c20dc054104c6ea",
    "https://deno.land/std@0.177.1/node/internal_binding/performance.ts": "37d293009d1718205bf28e878e54a9f1ca24c1c320cee2416c20dc054104c6ea",
    "https://deno.land/std@0.177.1/node/internal_binding/pipe_wrap.ts": "30e3a63954313f9d5bbc2ac02c7f9be4b1204c493e47f6e1b9c7366994e6ea6d",
    "https://deno.land/std@0.177.1/node/internal_binding/process_methods.ts": "37d293009d1718205bf28e878e54a9f1ca24c1c320cee2416c20dc054104c6ea",
    "https://deno.land/std@0.177.1/node/internal_binding/report.ts": "37d293009d1718205bf28e878e54a9f1ca24c1c320cee2416c20dc054104c6ea",
    "https://deno.land/std@0.177.1/node/internal_binding/serdes.ts": "37d293009d1718205bf28e878e54a9f1ca24c1c320cee2416c20dc054104c6ea",
    "https://deno.land/std@0.177.1/node/internal_binding/signal_wrap.ts": "37d293009d1718205bf28e878e54a9f1ca24c1c320cee2416c20dc054104c6ea",
    "https://deno.land/std@0.177.1/node/internal_binding/spawn_sync.ts": "37d293009d1718205bf28e878e54a9f1ca24c1c320cee2416c20dc054104c6ea",
    "https://deno.land/std@0.177.1/node/internal_binding/stream_wrap.ts": "452bff74d1db280a0cd78c75a95bb6d163e849e06e9638c4af405d40296bd050",
    "https://deno.land/std@0.177.1/node/internal_binding/string_decoder.ts": "54c3c1cbd5a9254881be58bf22637965dc69535483014dab60487e299cb95445",
    "https://deno.land/std@0.177.1/node/internal_binding/symbols.ts": "4dee2f3a400d711fd57fa3430b8de1fdb011e08e260b81fef5b81cc06ed77129",
    "https://deno.land/std@0.177.1/node/internal_binding/task_queue.ts": "37d293009d1718205bf28e878e54a9f1ca24c1c320cee2416c20dc054104c6ea",
    "https://deno.land/std@0.177.1/node/internal_binding/tcp_wrap.ts": "d298d855e862fc9a5c94e13ad982fde99f6d8a56620a4772681b7226f5a15c91",
    "https://deno.land/std@0.177.1/node/internal_binding/timers.ts": "37d293009d1718205bf28e878e54a9f1ca24c1c320cee2416c20dc054104c6ea",
    "https://deno.land/std@0.177.1/node/internal_binding/tls_wrap.ts": "37d293009d1718205bf28e878e54a9f1ca24c1c320cee2416c20dc054104c6ea",
    "https://deno.land/std@0.177.1/node/internal_binding/trace_events.ts": "37d293009d1718205bf28e878e54a9f1ca24c1c320cee2416c20dc054104c6ea",
    "https://deno.land/std@0.177.1/node/internal_binding/tty_wrap.ts": "37d293009d1718205bf28e878e54a9f1ca24c1c320cee2416c20dc054104c6ea",
    "https://deno.land/std@0.177.1/node/internal_binding/types.ts": "2187595a58d2cf0134f4db6cc2a12bf777f452f52b15b6c3aed73fa072aa5fc3",
    "https://deno.land/std@0.177.1/node/internal_binding/udp_wrap.ts": "b77d7024aef1282b9fe6e1f6c8064ab8a7b9ecbae0bc08a36f2b30dcbb1d2752",
    "https://deno.land/std@0.177.1/node/internal_binding/url.ts": "37d293009d1718205bf28e878e54a9f1ca24c1c320cee2416c20dc054104c6ea",
    "https://deno.land/std@0.177.1/node/internal_binding/util.ts": "808ff3b92740284184ab824adfc420e75398c88c8bccf5111f0c24ac18c48f10",
    "https://deno.land/std@0.177.1/node/internal_binding/uv.ts": "eb0048e30af4db407fb3f95563e30d70efd6187051c033713b0a5b768593a3a3",
    "https://deno.land/std@0.177.1/node/internal_binding/v8.ts": "37d293009d1718205bf28e878e54a9f1ca24c1c320cee2416c20dc054104c6ea",
    "https://deno.land/std@0.177.1/node/internal_binding/worker.ts": "37d293009d1718205bf28e878e54a9f1ca24c1c320cee2416c20dc054104c6ea",
    "https://deno.land/std@0.177.1/node/internal_binding/zlib.ts": "37d293009d1718205bf28e878e54a9f1ca24c1c320cee2416c20dc054104c6ea",
    "https://deno.land/std@0.177.1/node/os.ts": "176bec1386765464b4aac2f47c31d221a491b610dd4d87732e6f47e63153b5b9",
    "https://deno.land/std@0.177.1/node/path.ts": "1c6aa9101554136525b368e8280f0f78136d4071dd71ad3a70477f27d9e4dd91",
    "https://deno.land/std@0.177.1/node/path/_constants.ts": "2e2f68b8679cbf0ef118de8e5719e90cfb091de17d4a7c026c911b6772e6a247",
    "https://deno.land/std@0.177.1/node/path/_interface.ts": "c67d76726d0f86ea62ec68d17f11d50680c4659a60a0ea6dcd2488109435b4ce",
    "https://deno.land/std@0.177.1/node/path/_util.ts": "44deaf5bbd947eafb3439ea7208d0625e231c5f55c421fe83f5ef91218dcd28c",
    "https://deno.land/std@0.177.1/node/path/common.ts": "ee7505ab01fd22de3963b64e46cff31f40de34f9f8de1fff6a1bd2fe79380000",
    "https://deno.land/std@0.177.1/node/path/glob.ts": "b5fc2aed74aa7511cfd07d52dcd595cc18cd7ca431326a664e735d8905d85ce8",
    "https://deno.land/std@0.177.1/node/path/mod.ts": "cad27b16a7a3a8c2bb3ad1ba68a63d11e4fb616d63fd55c95e399a0a3a927be2",
    "https://deno.land/std@0.177.1/node/path/posix.ts": "a066e77f554358a82b4a693726faa41932f02f5bcd520f07afb6b2372e62484d",
    "https://deno.land/std@0.177.1/node/path/separator.ts": "5cfefe182e88bc8138022475703a9b39b13250c79bf234cdc6e3be9afd639662",
    "https://deno.land/std@0.177.1/node/path/win32.ts": "3a1b21948e0063cf1ac1c6834ef3ed633b5405f107be01aadfaedd2088b57eef",
    "https://deno.land/std@0.177.1/node/process.ts": "6608012d6d51a17a7346f36079c574b9b9f81f1b5c35436489ad089f39757466",
    "https://deno.land/std@0.177.1/node/querystring.ts": "2dce8068cb80ce2bf503aecd888be1b89827288352b6581e0fc401886d56cd86",
    "https://deno.land/std@0.177.1/node/stream.ts": "09e348302af40dcc7dc58aa5e40fdff868d11d8d6b0cfb85cbb9c75b9fe450c7",
    "https://deno.land/std@0.177.1/node/string_decoder.ts": "1a17e3572037c512cc5fc4b29076613e90f225474362d18da908cb7e5ccb7e88",
    "https://deno.land/std@0.177.1/node/url.ts": "f8c6656f32728a447705a273e3d8a5118631c0b6560d13fc613901ec9a3f69d0",
    "https://deno.land/std@0.177.1/node/util.ts": "4c12edeafde7e50dfe2d4022e383decb422c77858b938b093698cb7250c9e125",
    "https://deno.land/std@0.177.1/node/util/types.ts": "461b2e1118fd32456967e14b99f01c892dee1e94d144d6b96e9d94eb086a9574",
    "https://deno.land/std@0.177.1/path/_constants.ts": "e49961f6f4f48039c0dfed3c3f93e963ca3d92791c9d478ac5b43183413136e0",
    "https://deno.land/std@0.177.1/path/_interface.ts": "6471159dfbbc357e03882c2266d21ef9afdb1e4aa771b0545e90db58a0ba314b",
    "https://deno.land/std@0.177.1/path/_util.ts": "d7abb1e0dea065f427b89156e28cdeb32b045870acdf865833ba808a73b576d0",
    "https://deno.land/std@0.177.1/path/common.ts": "ee7505ab01fd22de3963b64e46cff31f40de34f9f8de1fff6a1bd2fe79380000",
    "https://deno.land/std@0.177.1/path/glob.ts": "d479e0a695621c94d3fd7fe7abd4f9499caf32a8de13f25073451c6ef420a4e1",
    "https://deno.land/std@0.177.1/path/mod.ts": "4b83694ac500d7d31b0cdafc927080a53dc0c3027eb2895790fb155082b0d232",
    "https://deno.land/std@0.177.1/path/posix.ts": "8b7c67ac338714b30c816079303d0285dd24af6b284f7ad63da5b27372a2c94d",
    "https://deno.land/std@0.177.1/path/separator.ts": "0fb679739d0d1d7bf45b68dacfb4ec7563597a902edbaf3c59b50d5bcadd93b1",
    "https://deno.land/std@0.177.1/path/win32.ts": "d186344e5583bcbf8b18af416d13d82b35a317116e6460a5a3953508c3de5bba",
    "https://deno.land/std@0.177.1/streams/write_all.ts": "3b2e1ce44913f966348ce353d02fa5369e94115181037cd8b602510853ec3033",
    "https://deno.land/std@0.177.1/testing/_diff.ts": "1a3c044aedf77647d6cac86b798c6417603361b66b54c53331b312caeb447aea",
    "https://deno.land/std@0.177.1/testing/_format.ts": "a69126e8a469009adf4cf2a50af889aca364c349797e63174884a52ff75cf4c7",
    "https://deno.land/std@0.177.1/testing/asserts.ts": "984ab0bfb3faeed92ffaa3a6b06536c66811185328c5dd146257c702c41b01ab",
    "https://deno.land/std@0.180.0/_util/asserts.ts": "178dfc49a464aee693a7e285567b3d0b555dc805ff490505a8aae34f9cfb1462",
    "https://deno.land/std@0.180.0/flags/mod.ts": "d1cdefa18472ef69858a17df5cf7c98445ed27ac10e1460183081303b0ebc270",
    "https://deno.land/x/case@2.1.1/lowerCase.ts": "86d5533f9587ed60003181591e40e648838c23f371edfa79d00288153d113b16",
    "https://deno.land/x/case@2.1.1/normalCase.ts": "6a8b924da9ab0790d99233ae54bfcfc996d229cb91b2533639fe20972cc33dac",
    "https://deno.land/x/case@2.1.1/paramCase.ts": "cf3101c59fd4f16ee14fd09985adb7fa3dbfb194f102499986f7407995202394",
    "https://deno.land/x/case@2.1.1/types.ts": "8e2bd6edaa27c0d1972c0d5b76698564740f37b4d3787d58d1fb5f48de611e61",
    "https://deno.land/x/case@2.1.1/vendor/camelCaseRegexp.ts": "7d9ff02aad4ab6429eeab7c7353f7bcdd6cc5909a8bd3dda97918c8bbb7621ae",
    "https://deno.land/x/case@2.1.1/vendor/camelCaseUpperRegexp.ts": "292de54a698370f90adcdf95727993d09888b7f33d17f72f8e54ba75f7791787",
    "https://deno.land/x/case@2.1.1/vendor/nonWordRegexp.ts": "c1a052629a694144b48c66b0175a22a83f4d61cb40f4e45293fc5d6b123f927e",
    "https://deno.land/x/case@2.2.0/lowerCase.ts": "d75eb55cadfa589f9f2a973924a8a209054477d9574da669410f4d817ab25b41",
    "https://deno.land/x/case@2.2.0/normalCase.ts": "085c8b6f9d69283c8b86f2e504d43278c2be8b7e56a3ed8d4a5f395e398bdc29",
    "https://deno.land/x/case@2.2.0/paramCase.ts": "a234c9c17dfbaddee647b6571c2c90e8f6530123fed26c4546f4063d67c1609f",
    "https://deno.land/x/case@2.2.0/types.ts": "8e2bd6edaa27c0d1972c0d5b76698564740f37b4d3787d58d1fb5f48de611e61",
    "https://deno.land/x/case@2.2.0/vendor/camelCaseRegexp.ts": "7d9ff02aad4ab6429eeab7c7353f7bcdd6cc5909a8bd3dda97918c8bbb7621ae",
    "https://deno.land/x/case@2.2.0/vendor/camelCaseUpperRegexp.ts": "292de54a698370f90adcdf95727993d09888b7f33d17f72f8e54ba75f7791787",
    "https://deno.land/x/case@2.2.0/vendor/nonWordRegexp.ts": "c1a052629a694144b48c66b0175a22a83f4d61cb40f4e45293fc5d6b123f927e",
    "https://deno.land/x/hono@v3.11.11/adapter/deno/serve-static.ts": "ba10cf6aaf39da942b0d49c3b9877ddba69d41d414c6551d890beb1085f58eea",
    "https://deno.land/x/hono@v3.11.11/client/client.ts": "ff340f58041203879972dd368b011ed130c66914f789826610869a90603406bf",
    "https://deno.land/x/hono@v3.11.11/client/index.ts": "3ff4cf246f3543f827a85a2c84d66a025ac350ee927613629bda47e854bfb7ba",
    "https://deno.land/x/hono@v3.11.11/client/utils.ts": "053273c002963b549d38268a1b423ac8ca211a8028bdab1ed0b781a62aa5e661",
    "https://deno.land/x/hono@v3.11.11/compose.ts": "37d6e33b7db80e4c43a0629b12fd3a1e3406e7d9e62a4bfad4b30426ea7ae4f1",
    "https://deno.land/x/hono@v3.11.11/context.ts": "5cac561498e1f4af7a355673a047f07f47349056c5167ed9aec8a20cdcac8464",
    "https://deno.land/x/hono@v3.11.11/helper/cookie/index.ts": "a05ce7e3bafe1f8c7f45d04abf79822716011be75904fe1aad2e99126fd985b9",
    "https://deno.land/x/hono@v3.11.11/helper/html/index.ts": "701ed12b808e8c253247edc02c2c4b32261ae899e9c98f1427f7f6eaa8b7d1ce",
    "https://deno.land/x/hono@v3.11.11/hono-base.ts": "4bc461d13072f48ebb3cf0be1651c114aa8c1bfbfffcd241cc9d18d23bdfedaf",
    "https://deno.land/x/hono@v3.11.11/hono.ts": "2cc4c292e541463a4d6f83edbcea58048d203e9564ae62ec430a3d466b49a865",
    "https://deno.land/x/hono@v3.11.11/http-exception.ts": "6071df078b5f76d279684d52fe82a590f447a64ffe1b75eb5064d0c8a8d2d676",
    "https://deno.land/x/hono@v3.11.11/jsx/components.ts": "f69d385d768f2b6656615a2991514b610bfe6ac87e042fa9723d2b92dd92a62b",
    "https://deno.land/x/hono@v3.11.11/jsx/index.ts": "4e447da487478dd6f7ceda92256cdeb3fb8ca42c336b22553c279a1927594941",
    "https://deno.land/x/hono@v3.11.11/jsx/streaming.ts": "37a6b23d1419e210e6063c7d315f984a993a4f42b39cbcd77323d1c0af75bc62",
    "https://deno.land/x/hono@v3.11.11/middleware.ts": "57b2047c4b9d775a052a9c44a3b805802c1d1cb477ab9c4bb6185d27382d1b96",
    "https://deno.land/x/hono@v3.11.11/middleware/basic-auth/index.ts": "5f88b1bc909d0db51fd72ec236db642271e3c597ac9ca2d8d191c0bb7d2ffdef",
    "https://deno.land/x/hono@v3.11.11/middleware/bearer-auth/index.ts": "1bfe631db1661cd342a2220614af5e21455ebea11b8c3ed5f6df7ef8d02b9a54",
    "https://deno.land/x/hono@v3.11.11/middleware/cache/index.ts": "0d3a742d0b1639e47f11da6ab66f755eb379a431b073391a94a9f551c5a2c430",
    "https://deno.land/x/hono@v3.11.11/middleware/compress/index.ts": "c053a4c9bb605f0320e014b513cfd44c6cbde6ed49373fd659fa02d697f9df17",
    "https://deno.land/x/hono@v3.11.11/middleware/cors/index.ts": "8ed6459d4d8990e5f398255aa139e3026f773abee8acd7e9dc1090fcf3f42e83",
    "https://deno.land/x/hono@v3.11.11/middleware/etag/index.ts": "3392aabea4d02dfec51455c5919bff9aad76538b9fde375dd542fbc3f389dd3a",
    "https://deno.land/x/hono@v3.11.11/middleware/jsx-renderer/index.ts": "8c12ac5b61608a4688e28794927990d1d07ca11de8b9e79bb85e33b1696d790c",
    "https://deno.land/x/hono@v3.11.11/middleware/jwt/index.ts": "2779850fc1e16a41da03ba93430a08439002fa8cc0e122ee6f444a98172bc891",
    "https://deno.land/x/hono@v3.11.11/middleware/logger/index.ts": "4baf9217b61f5e9e937c3e4e6cd87508c83603fcee77c33edba0a6ae2cc41ccd",
    "https://deno.land/x/hono@v3.11.11/middleware/powered-by/index.ts": "6faba0cf042278d60b317b690640bb0b58747690cf280fa09024424c5174e66d",
    "https://deno.land/x/hono@v3.11.11/middleware/pretty-json/index.ts": "2216ce4c9910be009fecac63367c3626b46137d4cf7cb9a82913e501104b4a88",
    "https://deno.land/x/hono@v3.11.11/middleware/secure-headers/index.ts": "05dfc8fbb94a565efbb55633090b81157e97f23393ff80a23e299ad7ac222e34",
    "https://deno.land/x/hono@v3.11.11/middleware/timing/index.ts": "241702aa10ab66cc832e8b556c57c236f3bf338a8817d802cb142eae0f852582",
    "https://deno.land/x/hono@v3.11.11/mod.ts": "90114a97be9111b348129ad0143e764a64921f60dd03b8f3da529db98a0d3a82",
    "https://deno.land/x/hono@v3.11.11/request.ts": "71a67261d14bba95e9a8b4782a1c1704d12d54a77390ce404741df15ab99a109",
    "https://deno.land/x/hono@v3.11.11/router.ts": "880316f561918fc197481755aac2165fdbe2f530b925c5357a9f98d6e2cc85c7",
    "https://deno.land/x/hono@v3.11.11/router/linear-router/index.ts": "8a2a7144c50b1f4a92d9ee99c2c396716af144c868e10608255f969695efccd0",
    "https://deno.land/x/hono@v3.11.11/router/linear-router/router.ts": "bc63e8b5bc1dabc815306d50bebd1bb5877ffa3936ba2ad7550d093c95ee6bd1",
    "https://deno.land/x/hono@v3.11.11/router/pattern-router/index.ts": "304a66c50e243872037ed41c7dd79ed0c89d815e17e172e7ad7cdc4bc07d3383",
    "https://deno.land/x/hono@v3.11.11/router/pattern-router/router.ts": "a9a5a2a182cce8c3ae82139892cc0502be7dd8f579f31e76d0302b19b338e548",
    "https://deno.land/x/hono@v3.11.11/router/reg-exp-router/index.ts": "52755829213941756159b7a963097bafde5cc4fc22b13b1c7c9184dc0512d1db",
    "https://deno.land/x/hono@v3.11.11/router/reg-exp-router/node.ts": "5b3fb80411db04c65df066e69fedb2c8c0844753c2633d703336de84d569252c",
    "https://deno.land/x/hono@v3.11.11/router/reg-exp-router/router.ts": "7f7af7ce45a4327f9ac7dbdee186f7ba9a24f2eff14c720e3f670be001e71780",
    "https://deno.land/x/hono@v3.11.11/router/reg-exp-router/trie.ts": "852ce7207e6701e47fa30889a0d2b8bfcd56d8862c97e7bc9831e0a64bd8835f",
    "https://deno.land/x/hono@v3.11.11/router/smart-router/index.ts": "74f9b4fe15ea535900f2b9b048581915f12fe94e531dd2b0032f5610e61c3bef",
    "https://deno.land/x/hono@v3.11.11/router/smart-router/router.ts": "f1848a2a1eefa316a11853ae12e749552747771fb8a11fe713ae04ea6461140b",
    "https://deno.land/x/hono@v3.11.11/router/trie-router/index.ts": "3eb75e7f71ba81801631b30de6b1f5cefb2c7239c03797e2b2cbab5085911b41",
    "https://deno.land/x/hono@v3.11.11/router/trie-router/node.ts": "1709750f3da7bf7fa3e8078caa1fc0bd5583b03c79f3a63f75480a2db25e62ad",
    "https://deno.land/x/hono@v3.11.11/router/trie-router/router.ts": "54ced78d35676302c8fcdda4204f7bdf5a7cc907fbf9967c75674b1e394f830d",
    "https://deno.land/x/hono@v3.11.11/utils/body.ts": "7a16a6656331a96bcae57642f8d5e3912bd361cbbcc2c0d2157ecc3f218f7a92",
    "https://deno.land/x/hono@v3.11.11/utils/buffer.ts": "9066a973e64498cb262c7e932f47eed525a51677b17f90893862b7279dc0773e",
    "https://deno.land/x/hono@v3.11.11/utils/cookie.ts": "19920ba6756944aae1ad8585c3ddeaa9df479733f59d05359db096f7361e5e4b",
    "https://deno.land/x/hono@v3.11.11/utils/crypto.ts": "bda0e141bbe46d3a4a20f8fbcb6380d473b617123d9fdfa93e4499410b537acc",
    "https://deno.land/x/hono@v3.11.11/utils/encode.ts": "3b7c7d736123b5073542b34321700d4dbf5ff129c138f434bb2144a4d425ee89",
    "https://deno.land/x/hono@v3.11.11/utils/filepath.ts": "18461b055a914d6da85077f453051b516281bb17cf64fa74bf5ef604dc9d2861",
    "https://deno.land/x/hono@v3.11.11/utils/html.ts": "b60def9561d2fbeb7254035632ea98b97ef852ec72baae2924fc126e96315696",
    "https://deno.land/x/hono@v3.11.11/utils/jwt/index.ts": "5e4b82a42eb3603351dfce726cd781ca41cb57437395409d227131aec348d2d5",
    "https://deno.land/x/hono@v3.11.11/utils/jwt/jwt.ts": "02ff7bbf1298ffcc7a40266842f8eac44b6c136453e32d4441e24d0cbfba3a95",
    "https://deno.land/x/hono@v3.11.11/utils/jwt/types.ts": "58ddf908f76ba18d9c62ddfc2d1e40cc2e306bf987409a6169287efa81ce2546",
    "https://deno.land/x/hono@v3.11.11/utils/mime.ts": "0105d2b5e8e91f07acc70f5d06b388313995d62af23c802fcfba251f5a744d95",
    "https://deno.land/x/hono@v3.11.11/utils/stream.ts": "1789dcc73c5b0ede28f83d7d34e47ae432c20e680907cb3275a9c9187f293983",
    "https://deno.land/x/hono@v3.11.11/utils/url.ts": "af0d600973ce11f9279da19a49e1264fe2f7a5658ccd97e30f7c3c2239dca052",
    "https://deno.land/x/hono@v3.11.11/validator/index.ts": "6c986e8b91dcf857ecc8164a506ae8eea8665792a4ff7215471df669c632ae7c",
    "https://deno.land/x/hono@v3.11.11/validator/validator.ts": "f6139f0b6eb2040bc9f7ed4148905d5affc898235952772b2d6585fdae8d4731",
    "https://deno.land/x/hono@v3.12.8/adapter/deno/serve-static.ts": "c1bbaf52e44d5eb0a159029c60ab2057d7735a8b3f7019263d46fb0ac6271329",
    "https://deno.land/x/hono@v3.12.8/client/client.ts": "9b3bddfd400d069d58320c3f475447d5e61f2c343adad402d5d36fa17f00b481",
    "https://deno.land/x/hono@v3.12.8/client/index.ts": "30def535310a37bede261f1b23d11a9758983b8e9d60a6c56309cee5f6746ab2",
    "https://deno.land/x/hono@v3.12.8/client/utils.ts": "053273c002963b549d38268a1b423ac8ca211a8028bdab1ed0b781a62aa5e661",
    "https://deno.land/x/hono@v3.12.8/compose.ts": "37d6e33b7db80e4c43a0629b12fd3a1e3406e7d9e62a4bfad4b30426ea7ae4f1",
    "https://deno.land/x/hono@v3.12.8/context.ts": "bb3309ea57fa617714a16a99ab4da02ee4e36419770da6cb0f581fbbef9f541d",
    "https://deno.land/x/hono@v3.12.8/helper/cookie/index.ts": "a05ce7e3bafe1f8c7f45d04abf79822716011be75904fe1aad2e99126fd985b9",
    "https://deno.land/x/hono@v3.12.8/helper/html/index.ts": "701ed12b808e8c253247edc02c2c4b32261ae899e9c98f1427f7f6eaa8b7d1ce",
    "https://deno.land/x/hono@v3.12.8/hono-base.ts": "9a0d2afd56c48eccf93cbe6fd6bb72b26ce4281f279a98f6fd76010dcd4001bf",
    "https://deno.land/x/hono@v3.12.8/hono.ts": "2cc4c292e541463a4d6f83edbcea58048d203e9564ae62ec430a3d466b49a865",
    "https://deno.land/x/hono@v3.12.8/http-exception.ts": "6071df078b5f76d279684d52fe82a590f447a64ffe1b75eb5064d0c8a8d2d676",
    "https://deno.land/x/hono@v3.12.8/jsx/components.ts": "b5b48d6aa6ea871c0ad5f0fc162d2dccc864ba2220586fe20a69cb3682145304",
    "https://deno.land/x/hono@v3.12.8/jsx/index.ts": "32fb017b6417d6aa408dc297b4178288851bdbc034abc8bfb51e9976d5425b25",
    "https://deno.land/x/hono@v3.12.8/jsx/streaming.ts": "034b0bf59f340dc2ec38215410346867721e811d05c40310363a3702121a908c",
    "https://deno.land/x/hono@v3.12.8/middleware.ts": "c88d51cc00818631da6b2aa1aae793ebeb7e0fa4984b2dfd390602bfa4c0dc14",
    "https://deno.land/x/hono@v3.12.8/middleware/basic-auth/index.ts": "fcf7b2c739dd1d65e17433a7d44d680f25c356bbad1e5eec200dce2e30d70081",
    "https://deno.land/x/hono@v3.12.8/middleware/bearer-auth/index.ts": "1bfe631db1661cd342a2220614af5e21455ebea11b8c3ed5f6df7ef8d02b9a54",
    "https://deno.land/x/hono@v3.12.8/middleware/cache/index.ts": "1294ca78a78d0ec279b8b8728837120458eeb429d774715777a412f190950312",
    "https://deno.land/x/hono@v3.12.8/middleware/compress/index.ts": "c053a4c9bb605f0320e014b513cfd44c6cbde6ed49373fd659fa02d697f9df17",
    "https://deno.land/x/hono@v3.12.8/middleware/cors/index.ts": "69e208e2bfd6345f14892e59ea817818373b3ebd74163177d687cd47ddbe1f6c",
    "https://deno.land/x/hono@v3.12.8/middleware/csrf/index.ts": "077bb0ce299d79d0d232cb9e462aaa4eaa901164f1310f74a7630f7e6cfe74e8",
    "https://deno.land/x/hono@v3.12.8/middleware/etag/index.ts": "3392aabea4d02dfec51455c5919bff9aad76538b9fde375dd542fbc3f389dd3a",
    "https://deno.land/x/hono@v3.12.8/middleware/jsx-renderer/index.ts": "8c12ac5b61608a4688e28794927990d1d07ca11de8b9e79bb85e33b1696d790c",
    "https://deno.land/x/hono@v3.12.8/middleware/jwt/index.ts": "7ef27b177110224d2e928eafffaf97972043ea7950520a8d23657612143570d2",
    "https://deno.land/x/hono@v3.12.8/middleware/logger/index.ts": "4baf9217b61f5e9e937c3e4e6cd87508c83603fcee77c33edba0a6ae2cc41ccd",
    "https://deno.land/x/hono@v3.12.8/middleware/powered-by/index.ts": "6faba0cf042278d60b317b690640bb0b58747690cf280fa09024424c5174e66d",
    "https://deno.land/x/hono@v3.12.8/middleware/pretty-json/index.ts": "2216ce4c9910be009fecac63367c3626b46137d4cf7cb9a82913e501104b4a88",
    "https://deno.land/x/hono@v3.12.8/middleware/secure-headers/index.ts": "24cf3544002e882972842800bce223738b32c9c84bef7f74892e994819765f84",
    "https://deno.land/x/hono@v3.12.8/middleware/timing/index.ts": "241702aa10ab66cc832e8b556c57c236f3bf338a8817d802cb142eae0f852582",
    "https://deno.land/x/hono@v3.12.8/mod.ts": "90114a97be9111b348129ad0143e764a64921f60dd03b8f3da529db98a0d3a82",
    "https://deno.land/x/hono@v3.12.8/request.ts": "5c2ab4b9961615afdc87e950ce16cc57e98f7849da56ea5fc1a828ef0dbb4aaf",
    "https://deno.land/x/hono@v3.12.8/router.ts": "880316f561918fc197481755aac2165fdbe2f530b925c5357a9f98d6e2cc85c7",
    "https://deno.land/x/hono@v3.12.8/router/linear-router/index.ts": "8a2a7144c50b1f4a92d9ee99c2c396716af144c868e10608255f969695efccd0",
    "https://deno.land/x/hono@v3.12.8/router/linear-router/router.ts": "1366b3fada26e33c96b0f228aa7962b9c9801c4f484b3991b256aed2c005c668",
    "https://deno.land/x/hono@v3.12.8/router/pattern-router/index.ts": "304a66c50e243872037ed41c7dd79ed0c89d815e17e172e7ad7cdc4bc07d3383",
    "https://deno.land/x/hono@v3.12.8/router/pattern-router/router.ts": "a9a5a2a182cce8c3ae82139892cc0502be7dd8f579f31e76d0302b19b338e548",
    "https://deno.land/x/hono@v3.12.8/router/reg-exp-router/index.ts": "52755829213941756159b7a963097bafde5cc4fc22b13b1c7c9184dc0512d1db",
    "https://deno.land/x/hono@v3.12.8/router/reg-exp-router/node.ts": "5b3fb80411db04c65df066e69fedb2c8c0844753c2633d703336de84d569252c",
    "https://deno.land/x/hono@v3.12.8/router/reg-exp-router/router.ts": "c89a37b14c64518256d2fc216d9db7645e658235648762c3ad6e3fc6872a941c",
    "https://deno.land/x/hono@v3.12.8/router/reg-exp-router/trie.ts": "852ce7207e6701e47fa30889a0d2b8bfcd56d8862c97e7bc9831e0a64bd8835f",
    "https://deno.land/x/hono@v3.12.8/router/smart-router/index.ts": "74f9b4fe15ea535900f2b9b048581915f12fe94e531dd2b0032f5610e61c3bef",
    "https://deno.land/x/hono@v3.12.8/router/smart-router/router.ts": "f1848a2a1eefa316a11853ae12e749552747771fb8a11fe713ae04ea6461140b",
    "https://deno.land/x/hono@v3.12.8/router/trie-router/index.ts": "3eb75e7f71ba81801631b30de6b1f5cefb2c7239c03797e2b2cbab5085911b41",
    "https://deno.land/x/hono@v3.12.8/router/trie-router/node.ts": "326830a78f3ba3f8a7171041c71d541b10fba2fb398067b09bcd35251bb9679f",
    "https://deno.land/x/hono@v3.12.8/router/trie-router/router.ts": "54ced78d35676302c8fcdda4204f7bdf5a7cc907fbf9967c75674b1e394f830d",
    "https://deno.land/x/hono@v3.12.8/utils/body.ts": "fe92c854fa0d1b36d1de3351a0041d06bd56c24a18778ae94511ccd9f806c0a2",
    "https://deno.land/x/hono@v3.12.8/utils/buffer.ts": "9066a973e64498cb262c7e932f47eed525a51677b17f90893862b7279dc0773e",
    "https://deno.land/x/hono@v3.12.8/utils/cookie.ts": "19920ba6756944aae1ad8585c3ddeaa9df479733f59d05359db096f7361e5e4b",
    "https://deno.land/x/hono@v3.12.8/utils/crypto.ts": "bda0e141bbe46d3a4a20f8fbcb6380d473b617123d9fdfa93e4499410b537acc",
    "https://deno.land/x/hono@v3.12.8/utils/encode.ts": "3b7c7d736123b5073542b34321700d4dbf5ff129c138f434bb2144a4d425ee89",
    "https://deno.land/x/hono@v3.12.8/utils/filepath.ts": "18461b055a914d6da85077f453051b516281bb17cf64fa74bf5ef604dc9d2861",
    "https://deno.land/x/hono@v3.12.8/utils/html.ts": "e800e72e2940104e963707edb41a438937693dda8d21bd37a57620e35d36c647",
    "https://deno.land/x/hono@v3.12.8/utils/jwt/index.ts": "5e4b82a42eb3603351dfce726cd781ca41cb57437395409d227131aec348d2d5",
    "https://deno.land/x/hono@v3.12.8/utils/jwt/jwt.ts": "02ff7bbf1298ffcc7a40266842f8eac44b6c136453e32d4441e24d0cbfba3a95",
    "https://deno.land/x/hono@v3.12.8/utils/jwt/types.ts": "58ddf908f76ba18d9c62ddfc2d1e40cc2e306bf987409a6169287efa81ce2546",
    "https://deno.land/x/hono@v3.12.8/utils/mime.ts": "0105d2b5e8e91f07acc70f5d06b388313995d62af23c802fcfba251f5a744d95",
    "https://deno.land/x/hono@v3.12.8/utils/stream.ts": "fe5f539a79c476e6af39e2549fa06054ad3c7ff3cbfa2c4c752e879cdd3365d5",
    "https://deno.land/x/hono@v3.12.8/utils/url.ts": "71475d787e9919443837e0674bc623c2a683d0a7fc41fc1938ff47e1aa775de4",
    "https://deno.land/x/hono@v3.12.8/validator/index.ts": "6c986e8b91dcf857ecc8164a506ae8eea8665792a4ff7215471df669c632ae7c",
    "https://deno.land/x/hono@v3.12.8/validator/validator.ts": "97fead75b1e3e460d0895d68eab2be6d774f6d1428e2efb8b4df8ba8bb422c3e",
    "https://deno.land/x/hono@v3.5.8/helper/cookie/index.ts": "cef46836d186d9d920f620519f7e96fbe7326c19576b86e1e555ed2229476091",
    "https://deno.land/x/hono@v3.5.8/utils/cookie.ts": "3585fd451de104e7e090d5b4d685f71b528873b21a634cb96b19fed622fe4384",
    "https://deno.land/x/hono@v3.5.8/utils/url.ts": "5fc3307ef3cb2e6f34ec2a03e3d7f2126c6a9f5f0eab677222df3f0e40bd7567",
    "https://deno.land/x/hono_sessions@v0.3.3/deps.ts": "5cc9422b7ac58c59506277cec93dd791c78573e16483da364a2115319eb14dce",
    "https://deno.land/x/hono_sessions@v0.3.3/mod.ts": "67e89aebb3c0e87e7e6065aefb56606d2f1017dd8ed030ef742f5bb73398abda",
    "https://deno.land/x/hono_sessions@v0.3.3/src/Crypto.ts": "87a223b7deace49241e5e2d844be09156f0779c7326d5ce4d065c04c2c084077",
    "https://deno.land/x/hono_sessions@v0.3.3/src/Middleware.ts": "30766ce452eb428747f70b1ce1b6a3e71f8d1da35e27737bff7dd952d023a55e",
    "https://deno.land/x/hono_sessions@v0.3.3/src/Session.ts": "30374c70be518787f50678e0ad4852a77e0b1354aaff8a72f82d535d4143834e",
    "https://deno.land/x/hono_sessions@v0.3.3/src/store/CookieStore.ts": "53fdb9053fd0ee4b73228ebb5e93d603e9e686191a1f42e8fc8a4fd11450f2b6",
    "https://deno.land/x/hono_sessions@v0.3.3/src/store/MemoryStore.ts": "c61a7b2974da37f111163dea484dc8b82c19107a913a47b004c579d7af7b81d3",
    "https://deno.land/x/hono_sessions@v0.3.3/src/store/Store.ts": "4ff3a3e1a2cf2398d1307657e9934fa2deb39253f421ae9ba7d4d52f21611aed",
    "https://deno.land/x/pug@v0.1.6/mod.ts": "9df7616eb45d868cce773386a74737224355b3ada8f94cf6d362f2bff152ca65",
    "https://esm.sh/feed@4.2.2": "1a5822737d59ad06c741504c67eba07c68b582799b6b4609f17824cd5a3dcfe0",
    "https://esm.sh/gh/tunnckoCore/deno-httpcache-kv@b421412079/mod.ts": "64f75c2c3e4884f37a7732bbfdd003842fd904b385a3b174f88414c28dae6594",
    "https://esm.sh/http-cache-semantics@4.1.1": "2b1509f1e1820706ceeb4dd03b6f9816c3b8d3f98388a0e0a9a86312859bb27a",
    "https://esm.sh/iron-webcrypto@0.10.1": "d22f1754664367cacb10a3ec1dc65c24827015d50f52448ca53eae719fea994c",
    "https://esm.sh/nanoid@4.0.0/async": "6b3c0f3dbdb50973e1b4f1d5d1877e4a895283d6fb265a2cab54deb8e97a9893",
    "https://esm.sh/v128/pug@3.0.2/deno/pug.bundle.mjs": "321ae6e9704b02ddbd015fe8b60fc2893800353135e05f978581803f06886b3a",
    "https://esm.sh/v135/feed@4.2.2/denonext/feed.mjs": "d6dc8357b3e9474bb21a6b339b9c1d311ce389c5971be2235945d267563a6dc3",
    "https://esm.sh/v135/gh/tunnckoCore/deno-httpcache-kv@b421412079/denonext/mod.ts.js": "598b663735f4423317d0342fffb006931d71cc4f11133cac55d78b6841a38b84",
    "https://esm.sh/v135/http-cache-semantics@4.1.1/denonext/http-cache-semantics.mjs": "38a8007e1f213275b42604e565d1d610f929a281f85cf3a54339fd1204966b32",
    "https://esm.sh/v135/iron-webcrypto@0.10.1/denonext/iron-webcrypto.mjs": "39fb4e5d337adcc364f399451bfbe851bfe50f2cd5ca3783a89e15b17b0c1bdd",
    "https://esm.sh/v135/nanoid@4.0.0/denonext/async.js": "6b0a5168af3e068b4b4e0b3790ee2d96b9b38a84e3741293bd5108d39c60cecd",
    "https://esm.sh/v135/sax@1.3.0/denonext/sax.mjs": "9bc4584a87fa83f1ce8bd60ddda5864b3bc7895ef6f751a818d2aa0f7a426505",
    "https://esm.sh/v135/xml-js@1.6.11/denonext/xml-js.mjs": "9d1e9b85bc3e74ef2327bf96800e0d752bcd0f55b323a2a6a5ca969624390e8c"
  }
}
