{
  "name": "any-catchall",
  "lockfileVersion": 3,
  "requires": true,
  "packages": {
    "": {
      "dependencies": {
        "urlpattern-polyfill": "^9.0.0"
      }
    },
    "../../shared": {
      "extraneous": true,
      "dependencies": {
        "just-kebab-case": "^4.2.0",
        "pug": "^3.0.2"
      }
    },
    "../../views": {
      "extraneous": true
    },
    "node_modules/urlpattern-polyfill": {
      "version": "9.0.0",
      "resolved": "https://registry.npmjs.org/urlpattern-polyfill/-/urlpattern-polyfill-9.0.0.tgz",
      "integrity": "sha512-WHN8KDQblxd32odxeIgo83rdVDE2bvdkb86it7bMhYZwWKJz0+O0RK/eZiHYnM+zgt/U7hAHOlCQGfjjvSkw2g=="
    }
  }
}
